
Microsoft Visual Studio Solution File, Format Version 12.00
# Visual Studio Version 16
VisualStudioVersion = 16.0.29926.136
MinimumVisualStudioVersion = 10.0.40219.1
Project("{FAE04EC0-301F-11D3-BF4B-00C04F79EFBC}") = "Maersk", "Maersk\Maersk.csproj", "{A2394A66-2E73-4D7F-8D74-F093DA675229}"
EndProject
Global
	GlobalSection(SolutionConfigurationPlatforms) = preSolution
		Debug|Any CPU = Debug|Any CPU
		Release|Any CPU = Release|Any CPU
	EndGlobalSection
	GlobalSection(ProjectConfigurationPlatforms) = postSolution
		{A2394A66-2E73-4D7F-8D74-F093DA675229}.Debug|Any CPU.ActiveCfg = Debug|Any CPU
		{A2394A66-2E73-4D7F-8D74-F093DA675229}.Debug|Any CPU.Build.0 = Debug|Any CPU
		{A2394A66-2E73-4D7F-8D74-F093DA675229}.Release|Any CPU.ActiveCfg = Release|Any CPU
		{A2394A66-2E73-4D7F-8D74-F093DA675229}.Release|Any CPU.Build.0 = Release|Any CPU
	EndGlobalSection
	GlobalSection(SolutionProperties) = preSolution
		HideSolutionNode = FALSE
	EndGlobalSection
	GlobalSection(ExtensibilityGlobals) = postSolution
		SolutionGuid = {E4469ADA-050D-4B57-9559-949BA309C4AB}
	EndGlobalSection
EndGlobal
